
Microsoft Visual Studio Solution File, Format Version 12.00
<<<<<<< HEAD
# Visual Studio Version 17
VisualStudioVersion = 17.13.35919.96
=======
# Visual Studio Version 18
VisualStudioVersion = 18.1.11312.151 d18.0
>>>>>>> 631b3084303d3639cdf565a3b0f606df20b0f203
MinimumVisualStudioVersion = 10.0.40219.1
Project("{FAE04EC0-301F-11D3-BF4B-00C04F79EFBC}") = "Models", "Models\Models.csproj", "{262C6A48-AE34-D77E-44A9-AF0CD30983F0}"
EndProject
Project("{FAE04EC0-301F-11D3-BF4B-00C04F79EFBC}") = "Data", "Data\Data.csproj", "{AE8E2E54-CA0B-F6F5-0102-F79722AD1421}"
EndProject
Project("{FAE04EC0-301F-11D3-BF4B-00C04F79EFBC}") = "Repositories", "Repositories\Repositories.csproj", "{A5B3CFA1-410E-B31F-F804-4CC6C048FE3E}"
EndProject
Project("{FAE04EC0-301F-11D3-BF4B-00C04F79EFBC}") = "Services", "Services\Services.csproj", "{97207750-6972-232F-BB7B-6106666106AF}"
EndProject
Project("{FAE04EC0-301F-11D3-BF4B-00C04F79EFBC}") = "TicketEvent.Admin", "TicketEvent.Admin\TicketEvent.Admin.csproj", "{717E7B8C-EBF6-B280-A6C9-D4FB2055DA31}"
EndProject
Project("{FAE04EC0-301F-11D3-BF4B-00C04F79EFBC}") = "TicketEvent.Login", "TicketEvent.Login\TicketEvent.Login.csproj", "{AB551E64-9308-E577-413C-1A354885F504}"
EndProject
Project("{FAE04EC0-301F-11D3-BF4B-00C04F79EFBC}") = "TicketEvent.Attendee", "TicketEvent.Attendee\TicketEvent.Attendee.csproj", "{18D8EA91-A5B6-7E1C-E704-901865902939}"
EndProject
Project("{FAE04EC0-301F-11D3-BF4B-00C04F79EFBC}") = "TicketEvent.Organizer", "TicketEvent.Organizer\TicketEvent.Organizer.csproj", "{F0264BC2-D5A0-1C3C-9257-276C36F4359E}"
EndProject
Project("{FAE04EC0-301F-11D3-BF4B-00C04F79EFBC}") = "TicketEvent.Gateway", "TicketEvent.Gateway\TicketEvent.Gateway.csproj", "{64603F2E-6DC5-BEE4-7D00-C4FA88BF47B8}"
EndProject
Global
	GlobalSection(SolutionConfigurationPlatforms) = preSolution
		Debug|Any CPU = Debug|Any CPU
		Release|Any CPU = Release|Any CPU
	EndGlobalSection
	GlobalSection(ProjectConfigurationPlatforms) = postSolution
		{262C6A48-AE34-D77E-44A9-AF0CD30983F0}.Debug|Any CPU.ActiveCfg = Debug|Any CPU
		{262C6A48-AE34-D77E-44A9-AF0CD30983F0}.Debug|Any CPU.Build.0 = Debug|Any CPU
		{262C6A48-AE34-D77E-44A9-AF0CD30983F0}.Release|Any CPU.ActiveCfg = Release|Any CPU
		{262C6A48-AE34-D77E-44A9-AF0CD30983F0}.Release|Any CPU.Build.0 = Release|Any CPU
		{AE8E2E54-CA0B-F6F5-0102-F79722AD1421}.Debug|Any CPU.ActiveCfg = Debug|Any CPU
		{AE8E2E54-CA0B-F6F5-0102-F79722AD1421}.Debug|Any CPU.Build.0 = Debug|Any CPU
		{AE8E2E54-CA0B-F6F5-0102-F79722AD1421}.Release|Any CPU.ActiveCfg = Release|Any CPU
		{AE8E2E54-CA0B-F6F5-0102-F79722AD1421}.Release|Any CPU.Build.0 = Release|Any CPU
		{A5B3CFA1-410E-B31F-F804-4CC6C048FE3E}.Debug|Any CPU.ActiveCfg = Debug|Any CPU
		{A5B3CFA1-410E-B31F-F804-4CC6C048FE3E}.Debug|Any CPU.Build.0 = Debug|Any CPU
		{A5B3CFA1-410E-B31F-F804-4CC6C048FE3E}.Release|Any CPU.ActiveCfg = Release|Any CPU
		{A5B3CFA1-410E-B31F-F804-4CC6C048FE3E}.Release|Any CPU.Build.0 = Release|Any CPU
		{97207750-6972-232F-BB7B-6106666106AF}.Debug|Any CPU.ActiveCfg = Debug|Any CPU
		{97207750-6972-232F-BB7B-6106666106AF}.Debug|Any CPU.Build.0 = Debug|Any CPU
		{97207750-6972-232F-BB7B-6106666106AF}.Release|Any CPU.ActiveCfg = Release|Any CPU
		{97207750-6972-232F-BB7B-6106666106AF}.Release|Any CPU.Build.0 = Release|Any CPU
		{717E7B8C-EBF6-B280-A6C9-D4FB2055DA31}.Debug|Any CPU.ActiveCfg = Debug|Any CPU
		{717E7B8C-EBF6-B280-A6C9-D4FB2055DA31}.Debug|Any CPU.Build.0 = Debug|Any CPU
		{717E7B8C-EBF6-B280-A6C9-D4FB2055DA31}.Release|Any CPU.ActiveCfg = Release|Any CPU
		{717E7B8C-EBF6-B280-A6C9-D4FB2055DA31}.Release|Any CPU.Build.0 = Release|Any CPU
		{AB551E64-9308-E577-413C-1A354885F504}.Debug|Any CPU.ActiveCfg = Debug|Any CPU
		{AB551E64-9308-E577-413C-1A354885F504}.Debug|Any CPU.Build.0 = Debug|Any CPU
		{AB551E64-9308-E577-413C-1A354885F504}.Release|Any CPU.ActiveCfg = Release|Any CPU
		{AB551E64-9308-E577-413C-1A354885F504}.Release|Any CPU.Build.0 = Release|Any CPU
		{18D8EA91-A5B6-7E1C-E704-901865902939}.Debug|Any CPU.ActiveCfg = Debug|Any CPU
		{18D8EA91-A5B6-7E1C-E704-901865902939}.Debug|Any CPU.Build.0 = Debug|Any CPU
		{18D8EA91-A5B6-7E1C-E704-901865902939}.Release|Any CPU.ActiveCfg = Release|Any CPU
		{18D8EA91-A5B6-7E1C-E704-901865902939}.Release|Any CPU.Build.0 = Release|Any CPU
		{F0264BC2-D5A0-1C3C-9257-276C36F4359E}.Debug|Any CPU.ActiveCfg = Debug|Any CPU
		{F0264BC2-D5A0-1C3C-9257-276C36F4359E}.Debug|Any CPU.Build.0 = Debug|Any CPU
		{F0264BC2-D5A0-1C3C-9257-276C36F4359E}.Release|Any CPU.ActiveCfg = Release|Any CPU
		{F0264BC2-D5A0-1C3C-9257-276C36F4359E}.Release|Any CPU.Build.0 = Release|Any CPU
		{64603F2E-6DC5-BEE4-7D00-C4FA88BF47B8}.Debug|Any CPU.ActiveCfg = Debug|Any CPU
		{64603F2E-6DC5-BEE4-7D00-C4FA88BF47B8}.Debug|Any CPU.Build.0 = Debug|Any CPU
		{64603F2E-6DC5-BEE4-7D00-C4FA88BF47B8}.Release|Any CPU.ActiveCfg = Release|Any CPU
		{64603F2E-6DC5-BEE4-7D00-C4FA88BF47B8}.Release|Any CPU.Build.0 = Release|Any CPU
	EndGlobalSection
	GlobalSection(SolutionProperties) = preSolution
		HideSolutionNode = FALSE
	EndGlobalSection
	GlobalSection(ExtensibilityGlobals) = postSolution
		SolutionGuid = {688FE722-50A6-43A8-888F-8E5CC09E28A0}
	EndGlobalSection
EndGlobal
